
Microsoft Visual Studio Solution File, Format Version 12.00
# Visual Studio Version 17
VisualStudioVersion = 17.12.35514.174 d17.12
MinimumVisualStudioVersion = 10.0.40219.1
Project("{FAE04EC0-301F-11D3-BF4B-00C04F79EFBC}") = "VerificationProvider", "VerificationProvider\VerificationProvider.csproj", "{5F9392C3-1CA5-4C8E-A6E8-D533360E52AF}"
EndProject
Project("{FAE04EC0-301F-11D3-BF4B-00C04F79EFBC}") = "VerificationProvider.Tests", "VerificationProvider.Tests\VerificationProvider.Tests.csproj", "{4A056968-4464-4B16-80D5-4587652BFC51}"
EndProject
Global
	GlobalSection(SolutionConfigurationPlatforms) = preSolution
		Debug|Any CPU = Debug|Any CPU
		Release|Any CPU = Release|Any CPU
	EndGlobalSection
	GlobalSection(ProjectConfigurationPlatforms) = postSolution
		{5F9392C3-1CA5-4C8E-A6E8-D533360E52AF}.Debug|Any CPU.ActiveCfg = Debug|Any CPU
		{5F9392C3-1CA5-4C8E-A6E8-D533360E52AF}.Debug|Any CPU.Build.0 = Debug|Any CPU
		{5F9392C3-1CA5-4C8E-A6E8-D533360E52AF}.Release|Any CPU.ActiveCfg = Release|Any CPU
		{5F9392C3-1CA5-4C8E-A6E8-D533360E52AF}.Release|Any CPU.Build.0 = Release|Any CPU
		{4A056968-4464-4B16-80D5-4587652BFC51}.Debug|Any CPU.ActiveCfg = Debug|Any CPU
		{4A056968-4464-4B16-80D5-4587652BFC51}.Debug|Any CPU.Build.0 = Debug|Any CPU
		{4A056968-4464-4B16-80D5-4587652BFC51}.Release|Any CPU.ActiveCfg = Release|Any CPU
		{4A056968-4464-4B16-80D5-4587652BFC51}.Release|Any CPU.Build.0 = Release|Any CPU
	EndGlobalSection
	GlobalSection(SolutionProperties) = preSolution
		HideSolutionNode = FALSE
	EndGlobalSection
EndGlobal
